
Microsoft Visual Studio Solution File, Format Version 12.00
Project("{2150E333-8FDC-42A3-9474-1A3956D46DE8}") = "src", "src", "{239CC8CE-73B3-477A-A449-261F31237244}"
EndProject
Project("{2150E333-8FDC-42A3-9474-1A3956D46DE8}") = "test", "test", "{0FDE1448-FD2E-48DB-A59A-2372F9CBC990}"
EndProject
Project("{FAE04EC0-301F-11D3-BF4B-00C04F79EFBC}") = "Url.Domain", "Url.Domain\Url.Domain.csproj", "{3C7DD022-F63E-4D05-8A3D-6CC37DEF644F}"
EndProject
Global
	GlobalSection(SolutionConfigurationPlatforms) = preSolution
		Debug|Any CPU = Debug|Any CPU
		Release|Any CPU = Release|Any CPU
	EndGlobalSection
	GlobalSection(NestedProjects) = preSolution
		{3C7DD022-F63E-4D05-8A3D-6CC37DEF644F} = {239CC8CE-73B3-477A-A449-261F31237244}
	EndGlobalSection
	GlobalSection(ProjectConfigurationPlatforms) = postSolution
		{3C7DD022-F63E-4D05-8A3D-6CC37DEF644F}.Debug|Any CPU.ActiveCfg = Debug|Any CPU
		{3C7DD022-F63E-4D05-8A3D-6CC37DEF644F}.Debug|Any CPU.Build.0 = Debug|Any CPU
		{3C7DD022-F63E-4D05-8A3D-6CC37DEF644F}.Release|Any CPU.ActiveCfg = Release|Any CPU
		{3C7DD022-F63E-4D05-8A3D-6CC37DEF644F}.Release|Any CPU.Build.0 = Release|Any CPU
	EndGlobalSection
EndGlobal
